// !$*UTF8*$!
{
	archiveVersion = 1;
	classes = {
	};
	objectVersion = 46;
	objects = {

/* Begin PBXBuildFile section */
		04FC24BD1B84B63700F452E8 /* main.m in Sources */ = {isa = PBXBuildFile; fileRef = 04FC24BC1B84B63700F452E8 /* main.m */; };
		04FC24C01B84B63700F452E8 /* AppDelegate.m in Sources */ = {isa = PBXBuildFile; fileRef = 04FC24BF1B84B63700F452E8 /* AppDelegate.m */; };
		04FC24C31B84B63700F452E8 /* ViewController.m in Sources */ = {isa = PBXBuildFile; fileRef = 04FC24C21B84B63700F452E8 /* ViewController.m */; };
		04FC24C61B84B63700F452E8 /* Main.storyboard in Resources */ = {isa = PBXBuildFile; fileRef = 04FC24C41B84B63700F452E8 /* Main.storyboard */; };
		04FC24C81B84B63700F452E8 /* Images.xcassets in Resources */ = {isa = PBXBuildFile; fileRef = 04FC24C71B84B63700F452E8 /* Images.xcassets */; };
		04FC24CB1B84B63700F452E8 /* LaunchScreen.xib in Resources */ = {isa = PBXBuildFile; fileRef = 04FC24C91B84B63700F452E8 /* LaunchScreen.xib */; };
		04FC24D71B84B63700F452E8 /* TestNetTests.m in Sources */ = {isa = PBXBuildFile; fileRef = 04FC24D61B84B63700F452E8 /* TestNetTests.m */; };
/* End PBXBuildFile section */

/* Begin PBXContainerItemProxy section */
		04FC24D11B84B63700F452E8 /* PBXContainerItemProxy */ = {
			isa = PBXContainerItemProxy;
			containerPortal = 04FC24AF1B84B63700F452E8 /* Project object */;
			proxyType = 1;
			remoteGlobalIDString = 04FC24B61B84B63700F452E8;
			remoteInfo = TestNet;
		};
/* End PBXContainerItemProxy section */

/* Begin PBXFileReference section */
		04FC24B71B84B63700F452E8 /* TestNet.app */ = {isa = PBXFileReference; explicitFileType = wrapper.application; includeInIndex = 0; path = TestNet.app; sourceTree = BUILT_PRODUCTS_DIR; };
		04FC24BB1B84B63700F452E8 /* Info.plist */ = {isa = PBXFileReference; lastKnownFileType = text.plist.xml; path = Info.plist; sourceTree = "<group>"; };
		04FC24BC1B84B63700F452E8 /* main.m */ = {isa = PBXFileReference; lastKnownFileType = sourcecode.c.objc; path = main.m; sourceTree = "<group>"; };
		04FC24BE1B84B63700F452E8 /* AppDelegate.h */ = {isa = PBXFileReference; lastKnownFileType = sourcecode.c.h; path = AppDelegate.h; sourceTree = "<group>"; };
		04FC24BF1B84B63700F452E8 /* AppDelegate.m */ = {isa = PBXFileReference; lastKnownFileType = sourcecode.c.objc; path = AppDelegate.m; sourceTree = "<group>"; };
		04FC24C11B84B63700F452E8 /* ViewController.h */ = {isa = PBXFileReference; lastKnownFileType = sourcecode.c.h; path = ViewController.h; sourceTree = "<group>"; };
		04FC24C21B84B63700F452E8 /* ViewController.m */ = {isa = PBXFileReference; lastKnownFileType = sourcecode.c.objc; path = ViewController.m; sourceTree = "<group>"; };
		04FC24C51B84B63700F452E8 /* Base */ = {isa = PBXFileReference; lastKnownFileType = file.storyboard; name = Base; path = Base.lproj/Main.storyboard; sourceTree = "<group>"; };
		04FC24C71B84B63700F452E8 /* Images.xcassets */ = {isa = PBXFileReference; lastKnownFileType = folder.assetcatalog; path = Images.xcassets; sourceTree = "<group>"; };
		04FC24CA1B84B63700F452E8 /* Base */ = {isa = PBXFileReference; lastKnownFileType = file.xib; name = Base; path = Base.lproj/LaunchScreen.xib; sourceTree = "<group>"; };
		04FC24D01B84B63700F452E8 /* TestNetTests.xctest */ = {isa = PBXFileReference; explicitFileType = wrapper.cfbundle; includeInIndex = 0; path = TestNetTests.xctest; sourceTree = BUILT_PRODUCTS_DIR; };
		04FC24D51B84B63700F452E8 /* Info.plist */ = {isa = PBXFileReference; lastKnownFileType = text.plist.xml; path = Info.plist; sourceTree = "<group>"; };
		04FC24D61B84B63700F452E8 /* TestNetTests.m */ = {isa = PBXFileReference; lastKnownFileType = sourcecode.c.objc; path = TestNetTests.m; sourceTree = "<group>"; };
/* End PBXFileReference section */

/* Begin PBXFrameworksBuildPhase section */
		04FC24B41B84B63700F452E8 /* Frameworks */ = {
			isa = PBXFrameworksBuildPhase;
			buildActionMask = 2147483647;
			files = (
			);
			runOnlyForDeploymentPostprocessing = 0;
		};
		04FC24CD1B84B63700F452E8 /* Frameworks */ = {
			isa = PBXFrameworksBuildPhase;
			buildActionMask = 2147483647;
			files = (
			);
			runOnlyForDeploymentPostprocessing = 0;
		};
/* End PBXFrameworksBuildPhase section */

/* Begin PBXGroup section */
		04FC24AE1B84B63700F452E8 = {
			isa = PBXGroup;
			children = (
				04FC24B91B84B63700F452E8 /* TestNet */,
				04FC24D31B84B63700F452E8 /* TestNetTests */,
				04FC24B81B84B63700F452E8 /* Products */,
			);
			sourceTree = "<group>";
		};
		04FC24B81B84B63700F452E8 /* Products */ = {
			isa = PBXGroup;
			children = (
				04FC24B71B84B63700F452E8 /* TestNet.app */,
				04FC24D01B84B63700F452E8 /* TestNetTests.xctest */,
			);
			name = Products;
			sourceTree = "<group>";
		};
		04FC24B91B84B63700F452E8 /* TestNet */ = {
			isa = PBXGroup;
			children = (
				04FC24BE1B84B63700F452E8 /* AppDelegate.h */,
				04FC24BF1B84B63700F452E8 /* AppDelegate.m */,
				04FC24C11B84B63700F452E8 /* ViewController.h */,
				04FC24C21B84B63700F452E8 /* ViewController.m */,
				04FC24C41B84B63700F452E8 /* Main.storyboard */,
				04FC24C71B84B63700F452E8 /* Images.xcassets */,
				04FC24C91B84B63700F452E8 /* LaunchScreen.xib */,
				04FC24BA1B84B63700F452E8 /* Supporting Files */,
			);
			path = TestNet;
			sourceTree = "<group>";
		};
		04FC24BA1B84B63700F452E8 /* Supporting Files */ = {
			isa = PBXGroup;
			children = (
				04FC24BB1B84B63700F452E8 /* Info.plist */,
				04FC24BC1B84B63700F452E8 /* main.m */,
			);
			name = "Supporting Files";
			sourceTree = "<group>";
		};
		04FC24D31B84B63700F452E8 /* TestNetTests */ = {
			isa = PBXGroup;
			children = (
				04FC24D61B84B63700F452E8 /* TestNetTests.m */,
				04FC24D41B84B63700F452E8 /* Supporting Files */,
			);
			path = TestNetTests;
			sourceTree = "<group>";
		};
		04FC24D41B84B63700F452E8 /* Supporting Files */ = {
			isa = PBXGroup;
			children = (
				04FC24D51B84B63700F452E8 /* Info.plist */,
			);
			name = "Supporting Files";
			sourceTree = "<group>";
		};
/* End PBXGroup section */

/* Begin PBXNativeTarget section */
		04FC24B61B84B63700F452E8 /* TestNet */ = {
			isa = PBXNativeTarget;
			buildConfigurationList = 04FC24DA1B84B63700F452E8 /* Build configuration list for PBXNativeTarget "TestNet" */;
			buildPhases = (
				04FC24B31B84B63700F452E8 /* Sources */,
				04FC24B41B84B63700F452E8 /* Frameworks */,
				04FC24B51B84B63700F452E8 /* Resources */,
			);
			buildRules = (
			);
			dependencies = (
			);
			name = TestNet;
			productName = TestNet;
			productReference = 04FC24B71B84B63700F452E8 /* TestNet.app */;
			productType = "com.apple.product-type.application";
		};
		04FC24CF1B84B63700F452E8 /* TestNetTests */ = {
			isa = PBXNativeTarget;
			buildConfigurationList = 04FC24DD1B84B63700F452E8 /* Build configuration list for PBXNativeTarget "TestNetTests" */;
			buildPhases = (
				04FC24CC1B84B63700F452E8 /* Sources */,
				04FC24CD1B84B63700F452E8 /* Frameworks */,
				04FC24CE1B84B63700F452E8 /* Resources */,
			);
			buildRules = (
			);
			dependencies = (
				04FC24D21B84B63700F452E8 /* PBXTargetDependency */,
			);
			name = TestNetTests;
			productName = TestNetTests;
			productReference = 04FC24D01B84B63700F452E8 /* TestNetTests.xctest */;
			productType = "com.apple.product-type.bundle.unit-test";
		};
/* End PBXNativeTarget section */

/* Begin PBXProject section */
		04FC24AF1B84B63700F452E8 /* Project object */ = {
			isa = PBXProject;
			attributes = {
				LastUpgradeCheck = 0640;
				ORGANIZATIONNAME = CEIT;
				TargetAttributes = {
					04FC24B61B84B63700F452E8 = {
						CreatedOnToolsVersion = 6.4;
					};
					04FC24CF1B84B63700F452E8 = {
						CreatedOnToolsVersion = 6.4;
						TestTargetID = 04FC24B61B84B63700F452E8;
					};
				};
			};
			buildConfigurationList = 04FC24B21B84B63700F452E8 /* Build configuration list for PBXProject "TestNet" */;
			compatibilityVersion = "Xcode 3.2";
			developmentRegion = English;
			hasScannedForEncodings = 0;
			knownRegions = (
				en,
				Base,
			);
			mainGroup = 04FC24AE1B84B63700F452E8;
			productRefGroup = 04FC24B81B84B63700F452E8 /* Products */;
			projectDirPath = "";
			projectRoot = "";
			targets = (
				04FC24B61B84B63700F452E8 /* TestNet */,
				04FC24CF1B84B63700F452E8 /* TestNetTests */,
			);
		};
/* End PBXProject section */

/* Begin PBXResourcesBuildPhase section */
		04FC24B51B84B63700F452E8 /* Resources */ = {
			isa = PBXResourcesBuildPhase;
			buildActionMask = 2147483647;
			files = (
				04FC24C61B84B63700F452E8 /* Main.storyboard in Resources */,
				04FC24CB1B84B63700F452E8 /* LaunchScreen.xib in Resources */,
				04FC24C81B84B63700F452E8 /* Images.xcassets in Resources */,
			);
			runOnlyForDeploymentPostprocessing = 0;
		};
		04FC24CE1B84B63700F452E8 /* Resources */ = {
			isa = PBXResourcesBuildPhase;
			buildActionMask = 2147483647;
			files = (
			);
			runOnlyForDeploymentPostprocessing = 0;
		};
/* End PBXResourcesBuildPhase section */

/* Begin PBXSourcesBuildPhase section */
		04FC24B31B84B63700F452E8 /* Sources */ = {
			isa = PBXSourcesBuildPhase;
			buildActionMask = 2147483647;
			files = (
				04FC24C31B84B63700F452E8 /* ViewController.m in Sources */,
				04FC24C01B84B63700F452E8 /* AppDelegate.m in Sources */,
				04FC24BD1B84B63700F452E8 /* main.m in Sources */,
			);
			runOnlyForDeploymentPostprocessing = 0;
		};
		04FC24CC1B84B63700F452E8 /* Sources */ = {
			isa = PBXSourcesBuildPhase;
			buildActionMask = 2147483647;
			files = (
				04FC24D71B84B63700F452E8 /* TestNetTests.m in Sources */,
			);
			runOnlyForDeploymentPostprocessing = 0;
		};
/* End PBXSourcesBuildPhase section */

/* Begin PBXTargetDependency section */
		04FC24D21B84B63700F452E8 /* PBXTargetDependency */ = {
			isa = PBXTargetDependency;
			target = 04FC24B61B84B63700F452E8 /* TestNet */;
			targetProxy = 04FC24D11B84B63700F452E8 /* PBXContainerItemProxy */;
		};
/* End PBXTargetDependency section */

/* Begin PBXVariantGroup section */
		04FC24C41B84B63700F452E8 /* Main.storyboard */ = {
			isa = PBXVariantGroup;
			children = (
				04FC24C51B84B63700F452E8 /* Base */,
			);
			name = Main.storyboard;
			sourceTree = "<group>";
		};
		04FC24C91B84B63700F452E8 /* LaunchScreen.xib */ = {
			isa = PBXVariantGroup;
			children = (
				04FC24CA1B84B63700F452E8 /* Base */,
			);
			name = LaunchScreen.xib;
			sourceTree = "<group>";
		};
/* End PBXVariantGroup section */

/* Begin XCBuildConfiguration section */
		04FC24D81B84B63700F452E8 /* Debug */ = {
			isa = XCBuildConfiguration;
			buildSettings = {
				ALWAYS_SEARCH_USER_PATHS = NO;
				CLANG_CXX_LANGUAGE_STANDARD = "gnu++0x";
				CLANG_CXX_LIBRARY = "libc++";
				CLANG_ENABLE_MODULES = YES;
				CLANG_ENABLE_OBJC_ARC = YES;
				CLANG_WARN_BOOL_CONVERSION = YES;
				CLANG_WARN_CONSTANT_CONVERSION = YES;
				CLANG_WARN_DIRECT_OBJC_ISA_USAGE = YES_ERROR;
				CLANG_WARN_EMPTY_BODY = YES;
				CLANG_WARN_ENUM_CONVERSION = YES;
				CLANG_WARN_INT_CONVERSION = YES;
				CLANG_WARN_OBJC_ROOT_CLASS = YES_ERROR;
				CLANG_WARN_UNREACHABLE_CODE = YES;
				CLANG_WARN__DUPLICATE_METHOD_MATCH = YES;
				"CODE_SIGN_IDENTITY[sdk=iphoneos*]" = "iPhone Developer";
				COPY_PHASE_STRIP = NO;
				DEBUG_INFORMATION_FORMAT = "dwarf-with-dsym";
				ENABLE_STRICT_OBJC_MSGSEND = YES;
				GCC_C_LANGUAGE_STANDARD = gnu99;
				GCC_DYNAMIC_NO_PIC = NO;
				GCC_NO_COMMON_BLOCKS = YES;
				GCC_OPTIMIZATION_LEVEL = 0;
				GCC_PREPROCESSOR_DEFINITIONS = (
					"DEBUG=1",
					"$(inherited)",
				);
				GCC_SYMBOLS_PRIVATE_EXTERN = NO;
				GCC_WARN_64_TO_32_BIT_CONVERSION = YES;
				GCC_WARN_ABOUT_RETURN_TYPE = YES_ERROR;
				GCC_WARN_UNDECLARED_SELECTOR = YES;
				GCC_WARN_UNINITIALIZED_AUTOS = YES_AGGRESSIVE;
				GCC_WARN_UNUSED_FUNCTION = YES;
				GCC_WARN_UNUSED_VARIABLE = YES;
				IPHONEOS_DEPLOYMENT_TARGET = 8.4;
				MTL_ENABLE_DEBUG_INFO = YES;
				ONLY_ACTIVE_ARCH = YES;
				SDKROOT = iphoneos;
			};
			name = Debug;
		};
		04FC24D91B84B63700F452E8 /* Release */ = {
			isa = XCBuildConfiguration;
			buildSettings = {
				ALWAYS_SEARCH_USER_PATHS = NO;
				CLANG_CXX_LANGUAGE_STANDARD = "gnu++0x";
				CLANG_CXX_LIBRARY = "libc++";
				CLANG_ENABLE_MODULES = YES;
				CLANG_ENABLE_OBJC_ARC = YES;
				CLANG_WARN_BOOL_CONVERSION = YES;
				CLANG_WARN_CONSTANT_CONVERSION = YES;
				CLANG_WARN_DIRECT_OBJC_ISA_USAGE = YES_ERROR;
				CLANG_WARN_EMPTY_BODY = YES;
				CLANG_WARN_ENUM_CONVERSION = YES;
				CLANG_WARN_INT_CONVERSION = YES;
				CLANG_WARN_OBJC_ROOT_CLASS = YES_ERROR;
				CLANG_WARN_UNREACHABLE_CODE = YES;
				CLANG_WARN__DUPLICATE_METHOD_MATCH = YES;
				"CODE_SIGN_IDENTITY[sdk=iphoneos*]" = "iPhone Developer";
				COPY_PHASE_STRIP = NO;
				DEBUG_INFORMATION_FORMAT = "dwarf-with-dsym";
				ENABLE_NS_ASSERTIONS = NO;
				ENABLE_STRICT_OBJC_MSGSEND = YES;
				GCC_C_LANGUAGE_STANDARD = gnu99;
				GCC_NO_COMMON_BLOCKS = YES;
				GCC_WARN_64_TO_32_BIT_CONVERSION = YES;
				GCC_WARN_ABOUT_RETURN_TYPE = YES_ERROR;
				GCC_WARN_UNDECLARED_SELECTOR = YES;
				GCC_WARN_UNINITIALIZED_AUTOS = YES_AGGRESSIVE;
				GCC_WARN_UNUSED_FUNCTION = YES;
				GCC_WARN_UNUSED_VARIABLE = YES;
				IPHONEOS_DEPLOYMENT_TARGET = 8.4;
				MTL_ENABLE_DEBUG_INFO = NO;
				SDKROOT = iphoneos;
				VALIDATE_PRODUCT = YES;
			};
			name = Release;
		};
		04FC24DB1B84B63700F452E8 /* Debug */ = {
			isa = XCBuildConfiguration;
			buildSettings = {
				ASSETCATALOG_COMPILER_APPICON_NAME = AppIcon;
				INFOPLIST_FILE = TestNet/Info.plist;
				LD_RUNPATH_SEARCH_PATHS = "$(inherited) @executable_path/Frameworks";
				PRODUCT_NAME = "$(TARGET_NAME)";
			};
			name = Debug;
		};
		04FC24DC1B84B63700F452E8 /* Release */ = {
			isa = XCBuildConfiguration;
			buildSettings = {
				ASSETCATALOG_COMPILER_APPICON_NAME = AppIcon;
				INFOPLIST_FILE = TestNet/Info.plist;
				LD_RUNPATH_SEARCH_PATHS = "$(inherited) @executable_path/Frameworks";
				PRODUCT_NAME = "$(TARGET_NAME)";
			};
			name = Release;
		};
		04FC24DE1B84B63700F452E8 /* Debug */ = {
			isa = XCBuildConfiguration;
			buildSettings = {
				BUNDLE_LOADER = "$(TEST_HOST)";
				FRAMEWORK_SEARCH_PATHS = (
					"$(SDKROOT)/Developer/Library/Frameworks",
					"$(inherited)",
				);
				GCC_PREPROCESSOR_DEFINITIONS = (
					"DEBUG=1",
					"$(inherited)",
				);
				INFOPLIST_FILE = TestNetTests/Info.plist;
				LD_RUNPATH_SEARCH_PATHS = "$(inherited) @executable_path/Frameworks @loader_path/Frameworks";
				PRODUCT_NAME = "$(TARGET_NAME)";
				TEST_HOST = "$(BUILT_PRODUCTS_DIR)/TestNet.app/TestNet";
			};
			name = Debug;
		};
		04FC24DF1B84B63700F452E8 /* Release */ = {
			isa = XCBuildConfiguration;
			buildSettings = {
				BUNDLE_LOADER = "$(TEST_HOST)";
				FRAMEWORK_SEARCH_PATHS = (
					"$(SDKROOT)/Developer/Library/Frameworks",
					"$(inherited)",
				);
				INFOPLIST_FILE = TestNetTests/Info.plist;
				LD_RUNPATH_SEARCH_PATHS = "$(inherited) @executable_path/Frameworks @loader_path/Frameworks";
				PRODUCT_NAME = "$(TARGET_NAME)";
				TEST_HOST = "$(BUILT_PRODUCTS_DIR)/TestNet.app/TestNet";
			};
			name = Release;
		};
/* End XCBuildConfiguration section */

/* Begin XCConfigurationList section */
		04FC24B21B84B63700F452E8 /* Build configuration list for PBXProject "TestNet" */ = {
			isa = XCConfigurationList;
			buildConfigurations = (
				04FC24D81B84B63700F452E8 /* Debug */,
				04FC24D91B84B63700F452E8 /* Release */,
			);
			defaultConfigurationIsVisible = 0;
			defaultConfigurationName = Release;
		};
		04FC24DA1B84B63700F452E8 /* Build configuration list for PBXNativeTarget "TestNet" */ = {
			isa = XCConfigurationList;
			buildConfigurations = (
				04FC24DB1B84B63700F452E8 /* Debug */,
				04FC24DC1B84B63700F452E8 /* Release */,
			);
			defaultConfigurationIsVisible = 0;
		};
		04FC24DD1B84B63700F452E8 /* Build configuration list for PBXNativeTarget "TestNetTests" */ = {
			isa = XCConfigurationList;
			buildConfigurations = (
				04FC24DE1B84B63700F452E8 /* Debug */,
				04FC24DF1B84B63700F452E8 /* Release */,
			);
			defaultConfigurationIsVisible = 0;
		};
/* End XCConfigurationList section */
	};
	rootObject = 04FC24AF1B84B63700F452E8 /* Project object */;
}
